
Microsoft Visual Studio Solution File, Format Version 12.00
# Visual Studio Version 16
VisualStudioVersion = 16.6.30114.105
MinimumVisualStudioVersion = 10.0.40219.1
Project("{9A19103F-16F7-4668-BE54-9A1E7A4F7556}") = "R5T.T0027.Construction", "R5T.T0027.Construction\R5T.T0027.Construction.csproj", "{659C050D-BE61-4F8D-98C9-A3948B97EECD}"
EndProject
Project("{9A19103F-16F7-4668-BE54-9A1E7A4F7556}") = "R5T.T0027", "R5T.T0027\R5T.T0027.csproj", "{ACC80AF1-87A4-4FE5-9882-7714A528ACB2}"
EndProject
Project("{9A19103F-16F7-4668-BE54-9A1E7A4F7556}") = "R5T.T0027.T001", "R5T.T0027.T001\R5T.T0027.T001.csproj", "{08D0614B-75F3-4A26-9EC8-6C65991E2FB0}"
EndProject
Project("{2150E333-8FDC-42A3-9474-1A3956D46DE8}") = "_Dependencies", "_Dependencies", "{CDB930BB-86CD-44D7-B0CD-79F2912A81E1}"
EndProject
Project("{9A19103F-16F7-4668-BE54-9A1E7A4F7556}") = "R5T.Plymouth.Startup", "..\..\R5T.Plymouth\source\R5T.Plymouth.Startup\R5T.Plymouth.Startup.csproj", "{33BEDF0F-01D3-48DE-8CF1-0426589EB12B}"
EndProject
Project("{9A19103F-16F7-4668-BE54-9A1E7A4F7556}") = "R5T.Chamavia.Extensions", "..\..\R5T.Chamavia.Extensions\source\R5T.Chamavia.Extensions\R5T.Chamavia.Extensions.csproj", "{90E14651-07BA-41FB-BE14-83B4DB9E6C87}"
EndProject
Project("{9A19103F-16F7-4668-BE54-9A1E7A4F7556}") = "R5T.Chamavia", "..\..\R5T.Chamavia\source\R5T.Chamavia\R5T.Chamavia.csproj", "{6AC47136-C710-4D2B-A2FA-0EF18189BDB9}"
EndProject
Project("{9A19103F-16F7-4668-BE54-9A1E7A4F7556}") = "R5T.Dacia.Extensions", "..\..\R5T.Dacia.Extensions\source\R5T.Dacia.Extensions\R5T.Dacia.Extensions.csproj", "{AE6C7296-15D9-4897-BBF3-A7332280E7C7}"
EndProject
Project("{9A19103F-16F7-4668-BE54-9A1E7A4F7556}") = "R5T.Dacia", "..\..\R5T.Dacia\source\R5T.Dacia\R5T.Dacia.csproj", "{90740B2B-804F-4C50-B40F-B0D4923B72A1}"
EndProject
Project("{9A19103F-16F7-4668-BE54-9A1E7A4F7556}") = "R5T.Plymouth", "..\..\R5T.Plymouth\source\R5T.Plymouth\R5T.Plymouth.csproj", "{BAA10899-4688-4F04-AA80-27BA503A6B79}"
EndProject
Project("{9A19103F-16F7-4668-BE54-9A1E7A4F7556}") = "R5T.T0027.T002", "R5T.T0027.T002\R5T.T0027.T002.csproj", "{11A85988-C4B0-4DF2-BF1D-8D9182205531}"
EndProject
Project("{9A19103F-16F7-4668-BE54-9A1E7A4F7556}") = "R5T.Langobard", "..\..\R5T.Langobard\source\R5T.Langobard\R5T.Langobard.csproj", "{E71DC140-C0C0-46D4-B178-962A47E4CC48}"
EndProject
Project("{9A19103F-16F7-4668-BE54-9A1E7A4F7556}") = "R5T.Plymouth.ProgramAsAService", "..\..\R5T.Plymouth\source\R5T.Plymouth.ProgramAsAService\R5T.Plymouth.ProgramAsAService.csproj", "{1B240555-2E23-4362-BA9A-8A1641A0AA65}"
EndProject
Project("{9A19103F-16F7-4668-BE54-9A1E7A4F7556}") = "R5T.Plymouth.Host", "..\..\R5T.Plymouth\source\R5T.Plymouth.Host\R5T.Plymouth.Host.csproj", "{3953B2A2-F60F-4804-BFAB-B1405F36FD49}"
EndProject
Project("{9A19103F-16F7-4668-BE54-9A1E7A4F7556}") = "R5T.Hostia.Extensions", "..\..\R5T.Hostia\source\R5T.Hostia.Extensions\R5T.Hostia.Extensions.csproj", "{21D4C963-84B3-4D44-BF10-768926D7F799}"
EndProject
Project("{9A19103F-16F7-4668-BE54-9A1E7A4F7556}") = "R5T.Hostia", "..\..\R5T.Hostia\source\R5T.Hostia\R5T.Hostia.csproj", "{35FA3747-70B0-45C6-B6F5-0EEF57513018}"
EndProject
Project("{9A19103F-16F7-4668-BE54-9A1E7A4F7556}") = "R5T.Plymouth.ServiceProvider", "..\..\R5T.Plymouth\source\R5T.Plymouth.ServiceProvider\R5T.Plymouth.ServiceProvider.csproj", "{785D2B64-70D6-48BF-B64F-F728F881B3AA}"
EndProject
Project("{9A19103F-16F7-4668-BE54-9A1E7A4F7556}") = "R5T.Langobard.Console", "..\..\R5T.Langobard\source\R5T.Langobard.Console\R5T.Langobard.Console.csproj", "{13727777-05A8-4938-A253-CC149651C290}"
EndProject
Project("{9A19103F-16F7-4668-BE54-9A1E7A4F7556}") = "R5T.Langobard.Extensions", "..\..\R5T.Langobard.Extensions\source\R5T.Langobard.Extensions\R5T.Langobard.Extensions.csproj", "{027C645D-0DBC-43DA-9A6F-717F9402CE52}"
EndProject
Project("{9A19103F-16F7-4668-BE54-9A1E7A4F7556}") = "R5T.T0027.T003", "R5T.T0027.T003\R5T.T0027.T003.csproj", "{339AF369-E866-4AA1-978B-C06B497BD09A}"
EndProject
Project("{9A19103F-16F7-4668-BE54-9A1E7A4F7556}") = "R5T.T0027.Configuration.DefaultAppSettings", "R5T.T0027.Configuration.DefaultAppSettings\R5T.T0027.Configuration.DefaultAppSettings.csproj", "{A5A9F291-2220-4867-843F-43E2ABF4C4A7}"
EndProject
Project("{9A19103F-16F7-4668-BE54-9A1E7A4F7556}") = "R5T.D0070.Types", "..\..\R5T.D0070\source\R5T.D0070.Types\R5T.D0070.Types.csproj", "{EA24AE97-56C7-49D4-8BF1-61FBDA108E04}"
EndProject
Project("{9A19103F-16F7-4668-BE54-9A1E7A4F7556}") = "R5T.Magyar", "..\..\R5T.Magyar\source\R5T.Magyar\R5T.Magyar.csproj", "{ADB80529-BB26-46DF-8D2B-FAECFE1FAC18}"
EndProject
Project("{9A19103F-16F7-4668-BE54-9A1E7A4F7556}") = "R5T.T0020", "..\..\R5T.T0020\source\R5T.T0020\R5T.T0020.csproj", "{4057EA57-0F00-43E2-86B5-D035DC661768}"
EndProject
Project("{2150E333-8FDC-42A3-9474-1A3956D46DE8}") = "Solution Items", "Solution Items", "{E6E9DAEE-7889-4D86-A1C7-1A361ADBC2A4}"
	ProjectSection(SolutionItems) = preProject
		.editorconfig = .editorconfig
	EndProjectSection
EndProject
Project("{FAE04EC0-301F-11D3-BF4B-00C04F79EFBC}") = "R5T.T0027.T004", "R5T.T0027.T004\R5T.T0027.T004.csproj", "{B1CCB0A5-9221-432C-8AE2-DB2424FF858D}"
EndProject
Project("{FAE04EC0-301F-11D3-BF4B-00C04F79EFBC}") = "R5T.T0027.A001", "R5T.T0027.A001\R5T.T0027.A001.csproj", "{C9B30D4B-3D45-421D-A4E7-19D68FAE0954}"
EndProject
Project("{9A19103F-16F7-4668-BE54-9A1E7A4F7556}") = "R5T.Lombardy", "..\..\R5T.Lombardy\source\R5T.Lombardy\R5T.Lombardy.csproj", "{B076A858-3A61-400E-A230-F99B733994DF}"
EndProject
Project("{9A19103F-16F7-4668-BE54-9A1E7A4F7556}") = "R5T.Ostrogothia.Base", "..\..\R5T.Ostrogothia\source\R5T.Ostrogothia.Base\R5T.Ostrogothia.Base.csproj", "{4714410F-F0EB-454A-9D16-04A0AD2F1CF9}"
EndProject
Project("{9A19103F-16F7-4668-BE54-9A1E7A4F7556}") = "R5T.D0065.Standard", "..\..\R5T.D0065\source\R5T.D0065.Standard\R5T.D0065.Standard.csproj", "{63BB154A-72FA-4D20-8D4A-062BB266955C}"
EndProject
Project("{9A19103F-16F7-4668-BE54-9A1E7A4F7556}") = "R5T.Suebia.Standard", "..\..\R5T.Suebia\source\R5T.Suebia.Standard\R5T.Suebia.Standard.csproj", "{28279BB5-8F81-41B7-9057-A605677F678B}"
EndProject
Project("{9A19103F-16F7-4668-BE54-9A1E7A4F7556}") = "R5T.D0070.Standard", "..\..\R5T.D0070\source\R5T.D0070.Standard\R5T.D0070.Standard.csproj", "{D9B0AFAE-2881-495C-B6EA-6D1D4603136E}"
EndProject
Project("{9A19103F-16F7-4668-BE54-9A1E7A4F7556}") = "R5T.Ostrogothia.Rivet", "..\..\R5T.Ostrogothia.Rivet\source\R5T.Ostrogothia.Rivet\R5T.Ostrogothia.Rivet.csproj", "{B00E6F8B-590C-499F-9CBE-FFDBFFDEA8FA}"
EndProject
Project("{FAE04EC0-301F-11D3-BF4B-00C04F79EFBC}") = "R5T.T0027.T005", "R5T.T0027.T005\R5T.T0027.T005.csproj", "{56EBEA13-828D-4DB0-9C14-FA7693E96FB4}"
EndProject
Global
	GlobalSection(SolutionConfigurationPlatforms) = preSolution
		Debug|Any CPU = Debug|Any CPU
		Debug|x64 = Debug|x64
		Debug|x86 = Debug|x86
		Release|Any CPU = Release|Any CPU
		Release|x64 = Release|x64
		Release|x86 = Release|x86
	EndGlobalSection
	GlobalSection(ProjectConfigurationPlatforms) = postSolution
		{659C050D-BE61-4F8D-98C9-A3948B97EECD}.Debug|Any CPU.ActiveCfg = Debug|Any CPU
		{659C050D-BE61-4F8D-98C9-A3948B97EECD}.Debug|Any CPU.Build.0 = Debug|Any CPU
		{659C050D-BE61-4F8D-98C9-A3948B97EECD}.Debug|x64.ActiveCfg = Debug|Any CPU
		{659C050D-BE61-4F8D-98C9-A3948B97EECD}.Debug|x64.Build.0 = Debug|Any CPU
		{659C050D-BE61-4F8D-98C9-A3948B97EECD}.Debug|x86.ActiveCfg = Debug|Any CPU
		{659C050D-BE61-4F8D-98C9-A3948B97EECD}.Debug|x86.Build.0 = Debug|Any CPU
		{659C050D-BE61-4F8D-98C9-A3948B97EECD}.Release|Any CPU.ActiveCfg = Release|Any CPU
		{659C050D-BE61-4F8D-98C9-A3948B97EECD}.Release|Any CPU.Build.0 = Release|Any CPU
		{659C050D-BE61-4F8D-98C9-A3948B97EECD}.Release|x64.ActiveCfg = Release|Any CPU
		{659C050D-BE61-4F8D-98C9-A3948B97EECD}.Release|x64.Build.0 = Release|Any CPU
		{659C050D-BE61-4F8D-98C9-A3948B97EECD}.Release|x86.ActiveCfg = Release|Any CPU
		{659C050D-BE61-4F8D-98C9-A3948B97EECD}.Release|x86.Build.0 = Release|Any CPU
		{ACC80AF1-87A4-4FE5-9882-7714A528ACB2}.Debug|Any CPU.ActiveCfg = Debug|Any CPU
		{ACC80AF1-87A4-4FE5-9882-7714A528ACB2}.Debug|Any CPU.Build.0 = Debug|Any CPU
		{ACC80AF1-87A4-4FE5-9882-7714A528ACB2}.Debug|x64.ActiveCfg = Debug|Any CPU
		{ACC80AF1-87A4-4FE5-9882-7714A528ACB2}.Debug|x64.Build.0 = Debug|Any CPU
		{ACC80AF1-87A4-4FE5-9882-7714A528ACB2}.Debug|x86.ActiveCfg = Debug|Any CPU
		{ACC80AF1-87A4-4FE5-9882-7714A528ACB2}.Debug|x86.Build.0 = Debug|Any CPU
		{ACC80AF1-87A4-4FE5-9882-7714A528ACB2}.Release|Any CPU.ActiveCfg = Release|Any CPU
		{ACC80AF1-87A4-4FE5-9882-7714A528ACB2}.Release|Any CPU.Build.0 = Release|Any CPU
		{ACC80AF1-87A4-4FE5-9882-7714A528ACB2}.Release|x64.ActiveCfg = Release|Any CPU
		{ACC80AF1-87A4-4FE5-9882-7714A528ACB2}.Release|x64.Build.0 = Release|Any CPU
		{ACC80AF1-87A4-4FE5-9882-7714A528ACB2}.Release|x86.ActiveCfg = Release|Any CPU
		{ACC80AF1-87A4-4FE5-9882-7714A528ACB2}.Release|x86.Build.0 = Release|Any CPU
		{08D0614B-75F3-4A26-9EC8-6C65991E2FB0}.Debug|Any CPU.ActiveCfg = Debug|Any CPU
		{08D0614B-75F3-4A26-9EC8-6C65991E2FB0}.Debug|Any CPU.Build.0 = Debug|Any CPU
		{08D0614B-75F3-4A26-9EC8-6C65991E2FB0}.Debug|x64.ActiveCfg = Debug|Any CPU
		{08D0614B-75F3-4A26-9EC8-6C65991E2FB0}.Debug|x64.Build.0 = Debug|Any CPU
		{08D0614B-75F3-4A26-9EC8-6C65991E2FB0}.Debug|x86.ActiveCfg = Debug|Any CPU
		{08D0614B-75F3-4A26-9EC8-6C65991E2FB0}.Debug|x86.Build.0 = Debug|Any CPU
		{08D0614B-75F3-4A26-9EC8-6C65991E2FB0}.Release|Any CPU.ActiveCfg = Release|Any CPU
		{08D0614B-75F3-4A26-9EC8-6C65991E2FB0}.Release|Any CPU.Build.0 = Release|Any CPU
		{08D0614B-75F3-4A26-9EC8-6C65991E2FB0}.Release|x64.ActiveCfg = Release|Any CPU
		{08D0614B-75F3-4A26-9EC8-6C65991E2FB0}.Release|x64.Build.0 = Release|Any CPU
		{08D0614B-75F3-4A26-9EC8-6C65991E2FB0}.Release|x86.ActiveCfg = Release|Any CPU
		{08D0614B-75F3-4A26-9EC8-6C65991E2FB0}.Release|x86.Build.0 = Release|Any CPU
		{33BEDF0F-01D3-48DE-8CF1-0426589EB12B}.Debug|Any CPU.ActiveCfg = Debug|Any CPU
		{33BEDF0F-01D3-48DE-8CF1-0426589EB12B}.Debug|Any CPU.Build.0 = Debug|Any CPU
		{33BEDF0F-01D3-48DE-8CF1-0426589EB12B}.Debug|x64.ActiveCfg = Debug|Any CPU
		{33BEDF0F-01D3-48DE-8CF1-0426589EB12B}.Debug|x64.Build.0 = Debug|Any CPU
		{33BEDF0F-01D3-48DE-8CF1-0426589EB12B}.Debug|x86.ActiveCfg = Debug|Any CPU
		{33BEDF0F-01D3-48DE-8CF1-0426589EB12B}.Debug|x86.Build.0 = Debug|Any CPU
		{33BEDF0F-01D3-48DE-8CF1-0426589EB12B}.Release|Any CPU.ActiveCfg = Release|Any CPU
		{33BEDF0F-01D3-48DE-8CF1-0426589EB12B}.Release|Any CPU.Build.0 = Release|Any CPU
		{33BEDF0F-01D3-48DE-8CF1-0426589EB12B}.Release|x64.ActiveCfg = Release|Any CPU
		{33BEDF0F-01D3-48DE-8CF1-0426589EB12B}.Release|x64.Build.0 = Release|Any CPU
		{33BEDF0F-01D3-48DE-8CF1-0426589EB12B}.Release|x86.ActiveCfg = Release|Any CPU
		{33BEDF0F-01D3-48DE-8CF1-0426589EB12B}.Release|x86.Build.0 = Release|Any CPU
		{90E14651-07BA-41FB-BE14-83B4DB9E6C87}.Debug|Any CPU.ActiveCfg = Debug|Any CPU
		{90E14651-07BA-41FB-BE14-83B4DB9E6C87}.Debug|Any CPU.Build.0 = Debug|Any CPU
		{90E14651-07BA-41FB-BE14-83B4DB9E6C87}.Debug|x64.ActiveCfg = Debug|Any CPU
		{90E14651-07BA-41FB-BE14-83B4DB9E6C87}.Debug|x64.Build.0 = Debug|Any CPU
		{90E14651-07BA-41FB-BE14-83B4DB9E6C87}.Debug|x86.ActiveCfg = Debug|Any CPU
		{90E14651-07BA-41FB-BE14-83B4DB9E6C87}.Debug|x86.Build.0 = Debug|Any CPU
		{90E14651-07BA-41FB-BE14-83B4DB9E6C87}.Release|Any CPU.ActiveCfg = Release|Any CPU
		{90E14651-07BA-41FB-BE14-83B4DB9E6C87}.Release|Any CPU.Build.0 = Release|Any CPU
		{90E14651-07BA-41FB-BE14-83B4DB9E6C87}.Release|x64.ActiveCfg = Release|Any CPU
		{90E14651-07BA-41FB-BE14-83B4DB9E6C87}.Release|x64.Build.0 = Release|Any CPU
		{90E14651-07BA-41FB-BE14-83B4DB9E6C87}.Release|x86.ActiveCfg = Release|Any CPU
		{90E14651-07BA-41FB-BE14-83B4DB9E6C87}.Release|x86.Build.0 = Release|Any CPU
		{6AC47136-C710-4D2B-A2FA-0EF18189BDB9}.Debug|Any CPU.ActiveCfg = Debug|Any CPU
		{6AC47136-C710-4D2B-A2FA-0EF18189BDB9}.Debug|Any CPU.Build.0 = Debug|Any CPU
		{6AC47136-C710-4D2B-A2FA-0EF18189BDB9}.Debug|x64.ActiveCfg = Debug|Any CPU
		{6AC47136-C710-4D2B-A2FA-0EF18189BDB9}.Debug|x64.Build.0 = Debug|Any CPU
		{6AC47136-C710-4D2B-A2FA-0EF18189BDB9}.Debug|x86.ActiveCfg = Debug|Any CPU
		{6AC47136-C710-4D2B-A2FA-0EF18189BDB9}.Debug|x86.Build.0 = Debug|Any CPU
		{6AC47136-C710-4D2B-A2FA-0EF18189BDB9}.Release|Any CPU.ActiveCfg = Release|Any CPU
		{6AC47136-C710-4D2B-A2FA-0EF18189BDB9}.Release|Any CPU.Build.0 = Release|Any CPU
		{6AC47136-C710-4D2B-A2FA-0EF18189BDB9}.Release|x64.ActiveCfg = Release|Any CPU
		{6AC47136-C710-4D2B-A2FA-0EF18189BDB9}.Release|x64.Build.0 = Release|Any CPU
		{6AC47136-C710-4D2B-A2FA-0EF18189BDB9}.Release|x86.ActiveCfg = Release|Any CPU
		{6AC47136-C710-4D2B-A2FA-0EF18189BDB9}.Release|x86.Build.0 = Release|Any CPU
		{AE6C7296-15D9-4897-BBF3-A7332280E7C7}.Debug|Any CPU.ActiveCfg = Debug|Any CPU
		{AE6C7296-15D9-4897-BBF3-A7332280E7C7}.Debug|Any CPU.Build.0 = Debug|Any CPU
		{AE6C7296-15D9-4897-BBF3-A7332280E7C7}.Debug|x64.ActiveCfg = Debug|Any CPU
		{AE6C7296-15D9-4897-BBF3-A7332280E7C7}.Debug|x64.Build.0 = Debug|Any CPU
		{AE6C7296-15D9-4897-BBF3-A7332280E7C7}.Debug|x86.ActiveCfg = Debug|Any CPU
		{AE6C7296-15D9-4897-BBF3-A7332280E7C7}.Debug|x86.Build.0 = Debug|Any CPU
		{AE6C7296-15D9-4897-BBF3-A7332280E7C7}.Release|Any CPU.ActiveCfg = Release|Any CPU
		{AE6C7296-15D9-4897-BBF3-A7332280E7C7}.Release|Any CPU.Build.0 = Release|Any CPU
		{AE6C7296-15D9-4897-BBF3-A7332280E7C7}.Release|x64.ActiveCfg = Release|Any CPU
		{AE6C7296-15D9-4897-BBF3-A7332280E7C7}.Release|x64.Build.0 = Release|Any CPU
		{AE6C7296-15D9-4897-BBF3-A7332280E7C7}.Release|x86.ActiveCfg = Release|Any CPU
		{AE6C7296-15D9-4897-BBF3-A7332280E7C7}.Release|x86.Build.0 = Release|Any CPU
		{90740B2B-804F-4C50-B40F-B0D4923B72A1}.Debug|Any CPU.ActiveCfg = Debug|Any CPU
		{90740B2B-804F-4C50-B40F-B0D4923B72A1}.Debug|Any CPU.Build.0 = Debug|Any CPU
		{90740B2B-804F-4C50-B40F-B0D4923B72A1}.Debug|x64.ActiveCfg = Debug|Any CPU
		{90740B2B-804F-4C50-B40F-B0D4923B72A1}.Debug|x64.Build.0 = Debug|Any CPU
		{90740B2B-804F-4C50-B40F-B0D4923B72A1}.Debug|x86.ActiveCfg = Debug|Any CPU
		{90740B2B-804F-4C50-B40F-B0D4923B72A1}.Debug|x86.Build.0 = Debug|Any CPU
		{90740B2B-804F-4C50-B40F-B0D4923B72A1}.Release|Any CPU.ActiveCfg = Release|Any CPU
		{90740B2B-804F-4C50-B40F-B0D4923B72A1}.Release|Any CPU.Build.0 = Release|Any CPU
		{90740B2B-804F-4C50-B40F-B0D4923B72A1}.Release|x64.ActiveCfg = Release|Any CPU
		{90740B2B-804F-4C50-B40F-B0D4923B72A1}.Release|x64.Build.0 = Release|Any CPU
		{90740B2B-804F-4C50-B40F-B0D4923B72A1}.Release|x86.ActiveCfg = Release|Any CPU
		{90740B2B-804F-4C50-B40F-B0D4923B72A1}.Release|x86.Build.0 = Release|Any CPU
		{BAA10899-4688-4F04-AA80-27BA503A6B79}.Debug|Any CPU.ActiveCfg = Debug|Any CPU
		{BAA10899-4688-4F04-AA80-27BA503A6B79}.Debug|Any CPU.Build.0 = Debug|Any CPU
		{BAA10899-4688-4F04-AA80-27BA503A6B79}.Debug|x64.ActiveCfg = Debug|Any CPU
		{BAA10899-4688-4F04-AA80-27BA503A6B79}.Debug|x64.Build.0 = Debug|Any CPU
		{BAA10899-4688-4F04-AA80-27BA503A6B79}.Debug|x86.ActiveCfg = Debug|Any CPU
		{BAA10899-4688-4F04-AA80-27BA503A6B79}.Debug|x86.Build.0 = Debug|Any CPU
		{BAA10899-4688-4F04-AA80-27BA503A6B79}.Release|Any CPU.ActiveCfg = Release|Any CPU
		{BAA10899-4688-4F04-AA80-27BA503A6B79}.Release|Any CPU.Build.0 = Release|Any CPU
		{BAA10899-4688-4F04-AA80-27BA503A6B79}.Release|x64.ActiveCfg = Release|Any CPU
		{BAA10899-4688-4F04-AA80-27BA503A6B79}.Release|x64.Build.0 = Release|Any CPU
		{BAA10899-4688-4F04-AA80-27BA503A6B79}.Release|x86.ActiveCfg = Release|Any CPU
		{BAA10899-4688-4F04-AA80-27BA503A6B79}.Release|x86.Build.0 = Release|Any CPU
		{11A85988-C4B0-4DF2-BF1D-8D9182205531}.Debug|Any CPU.ActiveCfg = Debug|Any CPU
		{11A85988-C4B0-4DF2-BF1D-8D9182205531}.Debug|Any CPU.Build.0 = Debug|Any CPU
		{11A85988-C4B0-4DF2-BF1D-8D9182205531}.Debug|x64.ActiveCfg = Debug|Any CPU
		{11A85988-C4B0-4DF2-BF1D-8D9182205531}.Debug|x64.Build.0 = Debug|Any CPU
		{11A85988-C4B0-4DF2-BF1D-8D9182205531}.Debug|x86.ActiveCfg = Debug|Any CPU
		{11A85988-C4B0-4DF2-BF1D-8D9182205531}.Debug|x86.Build.0 = Debug|Any CPU
		{11A85988-C4B0-4DF2-BF1D-8D9182205531}.Release|Any CPU.ActiveCfg = Release|Any CPU
		{11A85988-C4B0-4DF2-BF1D-8D9182205531}.Release|Any CPU.Build.0 = Release|Any CPU
		{11A85988-C4B0-4DF2-BF1D-8D9182205531}.Release|x64.ActiveCfg = Release|Any CPU
		{11A85988-C4B0-4DF2-BF1D-8D9182205531}.Release|x64.Build.0 = Release|Any CPU
		{11A85988-C4B0-4DF2-BF1D-8D9182205531}.Release|x86.ActiveCfg = Release|Any CPU
		{11A85988-C4B0-4DF2-BF1D-8D9182205531}.Release|x86.Build.0 = Release|Any CPU
		{E71DC140-C0C0-46D4-B178-962A47E4CC48}.Debug|Any CPU.ActiveCfg = Debug|Any CPU
		{E71DC140-C0C0-46D4-B178-962A47E4CC48}.Debug|Any CPU.Build.0 = Debug|Any CPU
		{E71DC140-C0C0-46D4-B178-962A47E4CC48}.Debug|x64.ActiveCfg = Debug|Any CPU
		{E71DC140-C0C0-46D4-B178-962A47E4CC48}.Debug|x64.Build.0 = Debug|Any CPU
		{E71DC140-C0C0-46D4-B178-962A47E4CC48}.Debug|x86.ActiveCfg = Debug|Any CPU
		{E71DC140-C0C0-46D4-B178-962A47E4CC48}.Debug|x86.Build.0 = Debug|Any CPU
		{E71DC140-C0C0-46D4-B178-962A47E4CC48}.Release|Any CPU.ActiveCfg = Release|Any CPU
		{E71DC140-C0C0-46D4-B178-962A47E4CC48}.Release|Any CPU.Build.0 = Release|Any CPU
		{E71DC140-C0C0-46D4-B178-962A47E4CC48}.Release|x64.ActiveCfg = Release|Any CPU
		{E71DC140-C0C0-46D4-B178-962A47E4CC48}.Release|x64.Build.0 = Release|Any CPU
		{E71DC140-C0C0-46D4-B178-962A47E4CC48}.Release|x86.ActiveCfg = Release|Any CPU
		{E71DC140-C0C0-46D4-B178-962A47E4CC48}.Release|x86.Build.0 = Release|Any CPU
		{1B240555-2E23-4362-BA9A-8A1641A0AA65}.Debug|Any CPU.ActiveCfg = Debug|Any CPU
		{1B240555-2E23-4362-BA9A-8A1641A0AA65}.Debug|Any CPU.Build.0 = Debug|Any CPU
		{1B240555-2E23-4362-BA9A-8A1641A0AA65}.Debug|x64.ActiveCfg = Debug|Any CPU
		{1B240555-2E23-4362-BA9A-8A1641A0AA65}.Debug|x64.Build.0 = Debug|Any CPU
		{1B240555-2E23-4362-BA9A-8A1641A0AA65}.Debug|x86.ActiveCfg = Debug|Any CPU
		{1B240555-2E23-4362-BA9A-8A1641A0AA65}.Debug|x86.Build.0 = Debug|Any CPU
		{1B240555-2E23-4362-BA9A-8A1641A0AA65}.Release|Any CPU.ActiveCfg = Release|Any CPU
		{1B240555-2E23-4362-BA9A-8A1641A0AA65}.Release|Any CPU.Build.0 = Release|Any CPU
		{1B240555-2E23-4362-BA9A-8A1641A0AA65}.Release|x64.ActiveCfg = Release|Any CPU
		{1B240555-2E23-4362-BA9A-8A1641A0AA65}.Release|x64.Build.0 = Release|Any CPU
		{1B240555-2E23-4362-BA9A-8A1641A0AA65}.Release|x86.ActiveCfg = Release|Any CPU
		{1B240555-2E23-4362-BA9A-8A1641A0AA65}.Release|x86.Build.0 = Release|Any CPU
		{3953B2A2-F60F-4804-BFAB-B1405F36FD49}.Debug|Any CPU.ActiveCfg = Debug|Any CPU
		{3953B2A2-F60F-4804-BFAB-B1405F36FD49}.Debug|Any CPU.Build.0 = Debug|Any CPU
		{3953B2A2-F60F-4804-BFAB-B1405F36FD49}.Debug|x64.ActiveCfg = Debug|Any CPU
		{3953B2A2-F60F-4804-BFAB-B1405F36FD49}.Debug|x64.Build.0 = Debug|Any CPU
		{3953B2A2-F60F-4804-BFAB-B1405F36FD49}.Debug|x86.ActiveCfg = Debug|Any CPU
		{3953B2A2-F60F-4804-BFAB-B1405F36FD49}.Debug|x86.Build.0 = Debug|Any CPU
		{3953B2A2-F60F-4804-BFAB-B1405F36FD49}.Release|Any CPU.ActiveCfg = Release|Any CPU
		{3953B2A2-F60F-4804-BFAB-B1405F36FD49}.Release|Any CPU.Build.0 = Release|Any CPU
		{3953B2A2-F60F-4804-BFAB-B1405F36FD49}.Release|x64.ActiveCfg = Release|Any CPU
		{3953B2A2-F60F-4804-BFAB-B1405F36FD49}.Release|x64.Build.0 = Release|Any CPU
		{3953B2A2-F60F-4804-BFAB-B1405F36FD49}.Release|x86.ActiveCfg = Release|Any CPU
		{3953B2A2-F60F-4804-BFAB-B1405F36FD49}.Release|x86.Build.0 = Release|Any CPU
		{21D4C963-84B3-4D44-BF10-768926D7F799}.Debug|Any CPU.ActiveCfg = Debug|Any CPU
		{21D4C963-84B3-4D44-BF10-768926D7F799}.Debug|Any CPU.Build.0 = Debug|Any CPU
		{21D4C963-84B3-4D44-BF10-768926D7F799}.Debug|x64.ActiveCfg = Debug|Any CPU
		{21D4C963-84B3-4D44-BF10-768926D7F799}.Debug|x64.Build.0 = Debug|Any CPU
		{21D4C963-84B3-4D44-BF10-768926D7F799}.Debug|x86.ActiveCfg = Debug|Any CPU
		{21D4C963-84B3-4D44-BF10-768926D7F799}.Debug|x86.Build.0 = Debug|Any CPU
		{21D4C963-84B3-4D44-BF10-768926D7F799}.Release|Any CPU.ActiveCfg = Release|Any CPU
		{21D4C963-84B3-4D44-BF10-768926D7F799}.Release|Any CPU.Build.0 = Release|Any CPU
		{21D4C963-84B3-4D44-BF10-768926D7F799}.Release|x64.ActiveCfg = Release|Any CPU
		{21D4C963-84B3-4D44-BF10-768926D7F799}.Release|x64.Build.0 = Release|Any CPU
		{21D4C963-84B3-4D44-BF10-768926D7F799}.Release|x86.ActiveCfg = Release|Any CPU
		{21D4C963-84B3-4D44-BF10-768926D7F799}.Release|x86.Build.0 = Release|Any CPU
		{35FA3747-70B0-45C6-B6F5-0EEF57513018}.Debug|Any CPU.ActiveCfg = Debug|Any CPU
		{35FA3747-70B0-45C6-B6F5-0EEF57513018}.Debug|Any CPU.Build.0 = Debug|Any CPU
		{35FA3747-70B0-45C6-B6F5-0EEF57513018}.Debug|x64.ActiveCfg = Debug|Any CPU
		{35FA3747-70B0-45C6-B6F5-0EEF57513018}.Debug|x64.Build.0 = Debug|Any CPU
		{35FA3747-70B0-45C6-B6F5-0EEF57513018}.Debug|x86.ActiveCfg = Debug|Any CPU
		{35FA3747-70B0-45C6-B6F5-0EEF57513018}.Debug|x86.Build.0 = Debug|Any CPU
		{35FA3747-70B0-45C6-B6F5-0EEF57513018}.Release|Any CPU.ActiveCfg = Release|Any CPU
		{35FA3747-70B0-45C6-B6F5-0EEF57513018}.Release|Any CPU.Build.0 = Release|Any CPU
		{35FA3747-70B0-45C6-B6F5-0EEF57513018}.Release|x64.ActiveCfg = Release|Any CPU
		{35FA3747-70B0-45C6-B6F5-0EEF57513018}.Release|x64.Build.0 = Release|Any CPU
		{35FA3747-70B0-45C6-B6F5-0EEF57513018}.Release|x86.ActiveCfg = Release|Any CPU
		{35FA3747-70B0-45C6-B6F5-0EEF57513018}.Release|x86.Build.0 = Release|Any CPU
		{785D2B64-70D6-48BF-B64F-F728F881B3AA}.Debug|Any CPU.ActiveCfg = Debug|Any CPU
		{785D2B64-70D6-48BF-B64F-F728F881B3AA}.Debug|Any CPU.Build.0 = Debug|Any CPU
		{785D2B64-70D6-48BF-B64F-F728F881B3AA}.Debug|x64.ActiveCfg = Debug|Any CPU
		{785D2B64-70D6-48BF-B64F-F728F881B3AA}.Debug|x64.Build.0 = Debug|Any CPU
		{785D2B64-70D6-48BF-B64F-F728F881B3AA}.Debug|x86.ActiveCfg = Debug|Any CPU
		{785D2B64-70D6-48BF-B64F-F728F881B3AA}.Debug|x86.Build.0 = Debug|Any CPU
		{785D2B64-70D6-48BF-B64F-F728F881B3AA}.Release|Any CPU.ActiveCfg = Release|Any CPU
		{785D2B64-70D6-48BF-B64F-F728F881B3AA}.Release|Any CPU.Build.0 = Release|Any CPU
		{785D2B64-70D6-48BF-B64F-F728F881B3AA}.Release|x64.ActiveCfg = Release|Any CPU
		{785D2B64-70D6-48BF-B64F-F728F881B3AA}.Release|x64.Build.0 = Release|Any CPU
		{785D2B64-70D6-48BF-B64F-F728F881B3AA}.Release|x86.ActiveCfg = Release|Any CPU
		{785D2B64-70D6-48BF-B64F-F728F881B3AA}.Release|x86.Build.0 = Release|Any CPU
		{13727777-05A8-4938-A253-CC149651C290}.Debug|Any CPU.ActiveCfg = Debug|Any CPU
		{13727777-05A8-4938-A253-CC149651C290}.Debug|Any CPU.Build.0 = Debug|Any CPU
		{13727777-05A8-4938-A253-CC149651C290}.Debug|x64.ActiveCfg = Debug|Any CPU
		{13727777-05A8-4938-A253-CC149651C290}.Debug|x64.Build.0 = Debug|Any CPU
		{13727777-05A8-4938-A253-CC149651C290}.Debug|x86.ActiveCfg = Debug|Any CPU
		{13727777-05A8-4938-A253-CC149651C290}.Debug|x86.Build.0 = Debug|Any CPU
		{13727777-05A8-4938-A253-CC149651C290}.Release|Any CPU.ActiveCfg = Release|Any CPU
		{13727777-05A8-4938-A253-CC149651C290}.Release|Any CPU.Build.0 = Release|Any CPU
		{13727777-05A8-4938-A253-CC149651C290}.Release|x64.ActiveCfg = Release|Any CPU
		{13727777-05A8-4938-A253-CC149651C290}.Release|x64.Build.0 = Release|Any CPU
		{13727777-05A8-4938-A253-CC149651C290}.Release|x86.ActiveCfg = Release|Any CPU
		{13727777-05A8-4938-A253-CC149651C290}.Release|x86.Build.0 = Release|Any CPU
		{027C645D-0DBC-43DA-9A6F-717F9402CE52}.Debug|Any CPU.ActiveCfg = Debug|Any CPU
		{027C645D-0DBC-43DA-9A6F-717F9402CE52}.Debug|Any CPU.Build.0 = Debug|Any CPU
		{027C645D-0DBC-43DA-9A6F-717F9402CE52}.Debug|x64.ActiveCfg = Debug|Any CPU
		{027C645D-0DBC-43DA-9A6F-717F9402CE52}.Debug|x64.Build.0 = Debug|Any CPU
		{027C645D-0DBC-43DA-9A6F-717F9402CE52}.Debug|x86.ActiveCfg = Debug|Any CPU
		{027C645D-0DBC-43DA-9A6F-717F9402CE52}.Debug|x86.Build.0 = Debug|Any CPU
		{027C645D-0DBC-43DA-9A6F-717F9402CE52}.Release|Any CPU.ActiveCfg = Release|Any CPU
		{027C645D-0DBC-43DA-9A6F-717F9402CE52}.Release|Any CPU.Build.0 = Release|Any CPU
		{027C645D-0DBC-43DA-9A6F-717F9402CE52}.Release|x64.ActiveCfg = Release|Any CPU
		{027C645D-0DBC-43DA-9A6F-717F9402CE52}.Release|x64.Build.0 = Release|Any CPU
		{027C645D-0DBC-43DA-9A6F-717F9402CE52}.Release|x86.ActiveCfg = Release|Any CPU
		{027C645D-0DBC-43DA-9A6F-717F9402CE52}.Release|x86.Build.0 = Release|Any CPU
		{339AF369-E866-4AA1-978B-C06B497BD09A}.Debug|Any CPU.ActiveCfg = Debug|Any CPU
		{339AF369-E866-4AA1-978B-C06B497BD09A}.Debug|Any CPU.Build.0 = Debug|Any CPU
		{339AF369-E866-4AA1-978B-C06B497BD09A}.Debug|x64.ActiveCfg = Debug|Any CPU
		{339AF369-E866-4AA1-978B-C06B497BD09A}.Debug|x64.Build.0 = Debug|Any CPU
		{339AF369-E866-4AA1-978B-C06B497BD09A}.Debug|x86.ActiveCfg = Debug|Any CPU
		{339AF369-E866-4AA1-978B-C06B497BD09A}.Debug|x86.Build.0 = Debug|Any CPU
		{339AF369-E866-4AA1-978B-C06B497BD09A}.Release|Any CPU.ActiveCfg = Release|Any CPU
		{339AF369-E866-4AA1-978B-C06B497BD09A}.Release|Any CPU.Build.0 = Release|Any CPU
		{339AF369-E866-4AA1-978B-C06B497BD09A}.Release|x64.ActiveCfg = Release|Any CPU
		{339AF369-E866-4AA1-978B-C06B497BD09A}.Release|x64.Build.0 = Release|Any CPU
		{339AF369-E866-4AA1-978B-C06B497BD09A}.Release|x86.ActiveCfg = Release|Any CPU
		{339AF369-E866-4AA1-978B-C06B497BD09A}.Release|x86.Build.0 = Release|Any CPU
		{A5A9F291-2220-4867-843F-43E2ABF4C4A7}.Debug|Any CPU.ActiveCfg = Debug|Any CPU
		{A5A9F291-2220-4867-843F-43E2ABF4C4A7}.Debug|Any CPU.Build.0 = Debug|Any CPU
		{A5A9F291-2220-4867-843F-43E2ABF4C4A7}.Debug|x64.ActiveCfg = Debug|Any CPU
		{A5A9F291-2220-4867-843F-43E2ABF4C4A7}.Debug|x64.Build.0 = Debug|Any CPU
		{A5A9F291-2220-4867-843F-43E2ABF4C4A7}.Debug|x86.ActiveCfg = Debug|Any CPU
		{A5A9F291-2220-4867-843F-43E2ABF4C4A7}.Debug|x86.Build.0 = Debug|Any CPU
		{A5A9F291-2220-4867-843F-43E2ABF4C4A7}.Release|Any CPU.ActiveCfg = Release|Any CPU
		{A5A9F291-2220-4867-843F-43E2ABF4C4A7}.Release|Any CPU.Build.0 = Release|Any CPU
		{A5A9F291-2220-4867-843F-43E2ABF4C4A7}.Release|x64.ActiveCfg = Release|Any CPU
		{A5A9F291-2220-4867-843F-43E2ABF4C4A7}.Release|x64.Build.0 = Release|Any CPU
		{A5A9F291-2220-4867-843F-43E2ABF4C4A7}.Release|x86.ActiveCfg = Release|Any CPU
		{A5A9F291-2220-4867-843F-43E2ABF4C4A7}.Release|x86.Build.0 = Release|Any CPU
		{EA24AE97-56C7-49D4-8BF1-61FBDA108E04}.Debug|Any CPU.ActiveCfg = Debug|Any CPU
		{EA24AE97-56C7-49D4-8BF1-61FBDA108E04}.Debug|Any CPU.Build.0 = Debug|Any CPU
		{EA24AE97-56C7-49D4-8BF1-61FBDA108E04}.Debug|x64.ActiveCfg = Debug|Any CPU
		{EA24AE97-56C7-49D4-8BF1-61FBDA108E04}.Debug|x64.Build.0 = Debug|Any CPU
		{EA24AE97-56C7-49D4-8BF1-61FBDA108E04}.Debug|x86.ActiveCfg = Debug|Any CPU
		{EA24AE97-56C7-49D4-8BF1-61FBDA108E04}.Debug|x86.Build.0 = Debug|Any CPU
		{EA24AE97-56C7-49D4-8BF1-61FBDA108E04}.Release|Any CPU.ActiveCfg = Release|Any CPU
		{EA24AE97-56C7-49D4-8BF1-61FBDA108E04}.Release|Any CPU.Build.0 = Release|Any CPU
		{EA24AE97-56C7-49D4-8BF1-61FBDA108E04}.Release|x64.ActiveCfg = Release|Any CPU
		{EA24AE97-56C7-49D4-8BF1-61FBDA108E04}.Release|x64.Build.0 = Release|Any CPU
		{EA24AE97-56C7-49D4-8BF1-61FBDA108E04}.Release|x86.ActiveCfg = Release|Any CPU
		{EA24AE97-56C7-49D4-8BF1-61FBDA108E04}.Release|x86.Build.0 = Release|Any CPU
		{ADB80529-BB26-46DF-8D2B-FAECFE1FAC18}.Debug|Any CPU.ActiveCfg = Debug|Any CPU
		{ADB80529-BB26-46DF-8D2B-FAECFE1FAC18}.Debug|Any CPU.Build.0 = Debug|Any CPU
		{ADB80529-BB26-46DF-8D2B-FAECFE1FAC18}.Debug|x64.ActiveCfg = Debug|Any CPU
		{ADB80529-BB26-46DF-8D2B-FAECFE1FAC18}.Debug|x64.Build.0 = Debug|Any CPU
		{ADB80529-BB26-46DF-8D2B-FAECFE1FAC18}.Debug|x86.ActiveCfg = Debug|Any CPU
		{ADB80529-BB26-46DF-8D2B-FAECFE1FAC18}.Debug|x86.Build.0 = Debug|Any CPU
		{ADB80529-BB26-46DF-8D2B-FAECFE1FAC18}.Release|Any CPU.ActiveCfg = Release|Any CPU
		{ADB80529-BB26-46DF-8D2B-FAECFE1FAC18}.Release|Any CPU.Build.0 = Release|Any CPU
		{ADB80529-BB26-46DF-8D2B-FAECFE1FAC18}.Release|x64.ActiveCfg = Release|Any CPU
		{ADB80529-BB26-46DF-8D2B-FAECFE1FAC18}.Release|x64.Build.0 = Release|Any CPU
		{ADB80529-BB26-46DF-8D2B-FAECFE1FAC18}.Release|x86.ActiveCfg = Release|Any CPU
		{ADB80529-BB26-46DF-8D2B-FAECFE1FAC18}.Release|x86.Build.0 = Release|Any CPU
		{4057EA57-0F00-43E2-86B5-D035DC661768}.Debug|Any CPU.ActiveCfg = Debug|Any CPU
		{4057EA57-0F00-43E2-86B5-D035DC661768}.Debug|Any CPU.Build.0 = Debug|Any CPU
		{4057EA57-0F00-43E2-86B5-D035DC661768}.Debug|x64.ActiveCfg = Debug|Any CPU
		{4057EA57-0F00-43E2-86B5-D035DC661768}.Debug|x64.Build.0 = Debug|Any CPU
		{4057EA57-0F00-43E2-86B5-D035DC661768}.Debug|x86.ActiveCfg = Debug|Any CPU
		{4057EA57-0F00-43E2-86B5-D035DC661768}.Debug|x86.Build.0 = Debug|Any CPU
		{4057EA57-0F00-43E2-86B5-D035DC661768}.Release|Any CPU.ActiveCfg = Release|Any CPU
		{4057EA57-0F00-43E2-86B5-D035DC661768}.Release|Any CPU.Build.0 = Release|Any CPU
		{4057EA57-0F00-43E2-86B5-D035DC661768}.Release|x64.ActiveCfg = Release|Any CPU
		{4057EA57-0F00-43E2-86B5-D035DC661768}.Release|x64.Build.0 = Release|Any CPU
		{4057EA57-0F00-43E2-86B5-D035DC661768}.Release|x86.ActiveCfg = Release|Any CPU
		{4057EA57-0F00-43E2-86B5-D035DC661768}.Release|x86.Build.0 = Release|Any CPU
		{B1CCB0A5-9221-432C-8AE2-DB2424FF858D}.Debug|Any CPU.ActiveCfg = Debug|Any CPU
		{B1CCB0A5-9221-432C-8AE2-DB2424FF858D}.Debug|Any CPU.Build.0 = Debug|Any CPU
		{B1CCB0A5-9221-432C-8AE2-DB2424FF858D}.Debug|x64.ActiveCfg = Debug|Any CPU
		{B1CCB0A5-9221-432C-8AE2-DB2424FF858D}.Debug|x64.Build.0 = Debug|Any CPU
		{B1CCB0A5-9221-432C-8AE2-DB2424FF858D}.Debug|x86.ActiveCfg = Debug|Any CPU
		{B1CCB0A5-9221-432C-8AE2-DB2424FF858D}.Debug|x86.Build.0 = Debug|Any CPU
		{B1CCB0A5-9221-432C-8AE2-DB2424FF858D}.Release|Any CPU.ActiveCfg = Release|Any CPU
		{B1CCB0A5-9221-432C-8AE2-DB2424FF858D}.Release|Any CPU.Build.0 = Release|Any CPU
		{B1CCB0A5-9221-432C-8AE2-DB2424FF858D}.Release|x64.ActiveCfg = Release|Any CPU
		{B1CCB0A5-9221-432C-8AE2-DB2424FF858D}.Release|x64.Build.0 = Release|Any CPU
		{B1CCB0A5-9221-432C-8AE2-DB2424FF858D}.Release|x86.ActiveCfg = Release|Any CPU
		{B1CCB0A5-9221-432C-8AE2-DB2424FF858D}.Release|x86.Build.0 = Release|Any CPU
		{C9B30D4B-3D45-421D-A4E7-19D68FAE0954}.Debug|Any CPU.ActiveCfg = Debug|Any CPU
		{C9B30D4B-3D45-421D-A4E7-19D68FAE0954}.Debug|Any CPU.Build.0 = Debug|Any CPU
		{C9B30D4B-3D45-421D-A4E7-19D68FAE0954}.Debug|x64.ActiveCfg = Debug|Any CPU
		{C9B30D4B-3D45-421D-A4E7-19D68FAE0954}.Debug|x64.Build.0 = Debug|Any CPU
		{C9B30D4B-3D45-421D-A4E7-19D68FAE0954}.Debug|x86.ActiveCfg = Debug|Any CPU
		{C9B30D4B-3D45-421D-A4E7-19D68FAE0954}.Debug|x86.Build.0 = Debug|Any CPU
		{C9B30D4B-3D45-421D-A4E7-19D68FAE0954}.Release|Any CPU.ActiveCfg = Release|Any CPU
		{C9B30D4B-3D45-421D-A4E7-19D68FAE0954}.Release|Any CPU.Build.0 = Release|Any CPU
		{C9B30D4B-3D45-421D-A4E7-19D68FAE0954}.Release|x64.ActiveCfg = Release|Any CPU
		{C9B30D4B-3D45-421D-A4E7-19D68FAE0954}.Release|x64.Build.0 = Release|Any CPU
		{C9B30D4B-3D45-421D-A4E7-19D68FAE0954}.Release|x86.ActiveCfg = Release|Any CPU
		{C9B30D4B-3D45-421D-A4E7-19D68FAE0954}.Release|x86.Build.0 = Release|Any CPU
		{B076A858-3A61-400E-A230-F99B733994DF}.Debug|Any CPU.ActiveCfg = Debug|Any CPU
		{B076A858-3A61-400E-A230-F99B733994DF}.Debug|Any CPU.Build.0 = Debug|Any CPU
		{B076A858-3A61-400E-A230-F99B733994DF}.Debug|x64.ActiveCfg = Debug|Any CPU
		{B076A858-3A61-400E-A230-F99B733994DF}.Debug|x64.Build.0 = Debug|Any CPU
		{B076A858-3A61-400E-A230-F99B733994DF}.Debug|x86.ActiveCfg = Debug|Any CPU
		{B076A858-3A61-400E-A230-F99B733994DF}.Debug|x86.Build.0 = Debug|Any CPU
		{B076A858-3A61-400E-A230-F99B733994DF}.Release|Any CPU.ActiveCfg = Release|Any CPU
		{B076A858-3A61-400E-A230-F99B733994DF}.Release|Any CPU.Build.0 = Release|Any CPU
		{B076A858-3A61-400E-A230-F99B733994DF}.Release|x64.ActiveCfg = Release|Any CPU
		{B076A858-3A61-400E-A230-F99B733994DF}.Release|x64.Build.0 = Release|Any CPU
		{B076A858-3A61-400E-A230-F99B733994DF}.Release|x86.ActiveCfg = Release|Any CPU
		{B076A858-3A61-400E-A230-F99B733994DF}.Release|x86.Build.0 = Release|Any CPU
		{4714410F-F0EB-454A-9D16-04A0AD2F1CF9}.Debug|Any CPU.ActiveCfg = Debug|Any CPU
		{4714410F-F0EB-454A-9D16-04A0AD2F1CF9}.Debug|Any CPU.Build.0 = Debug|Any CPU
		{4714410F-F0EB-454A-9D16-04A0AD2F1CF9}.Debug|x64.ActiveCfg = Debug|Any CPU
		{4714410F-F0EB-454A-9D16-04A0AD2F1CF9}.Debug|x64.Build.0 = Debug|Any CPU
		{4714410F-F0EB-454A-9D16-04A0AD2F1CF9}.Debug|x86.ActiveCfg = Debug|Any CPU
		{4714410F-F0EB-454A-9D16-04A0AD2F1CF9}.Debug|x86.Build.0 = Debug|Any CPU
		{4714410F-F0EB-454A-9D16-04A0AD2F1CF9}.Release|Any CPU.ActiveCfg = Release|Any CPU
		{4714410F-F0EB-454A-9D16-04A0AD2F1CF9}.Release|Any CPU.Build.0 = Release|Any CPU
		{4714410F-F0EB-454A-9D16-04A0AD2F1CF9}.Release|x64.ActiveCfg = Release|Any CPU
		{4714410F-F0EB-454A-9D16-04A0AD2F1CF9}.Release|x64.Build.0 = Release|Any CPU
		{4714410F-F0EB-454A-9D16-04A0AD2F1CF9}.Release|x86.ActiveCfg = Release|Any CPU
		{4714410F-F0EB-454A-9D16-04A0AD2F1CF9}.Release|x86.Build.0 = Release|Any CPU
		{63BB154A-72FA-4D20-8D4A-062BB266955C}.Debug|Any CPU.ActiveCfg = Debug|Any CPU
		{63BB154A-72FA-4D20-8D4A-062BB266955C}.Debug|Any CPU.Build.0 = Debug|Any CPU
		{63BB154A-72FA-4D20-8D4A-062BB266955C}.Debug|x64.ActiveCfg = Debug|Any CPU
		{63BB154A-72FA-4D20-8D4A-062BB266955C}.Debug|x64.Build.0 = Debug|Any CPU
		{63BB154A-72FA-4D20-8D4A-062BB266955C}.Debug|x86.ActiveCfg = Debug|Any CPU
		{63BB154A-72FA-4D20-8D4A-062BB266955C}.Debug|x86.Build.0 = Debug|Any CPU
		{63BB154A-72FA-4D20-8D4A-062BB266955C}.Release|Any CPU.ActiveCfg = Release|Any CPU
		{63BB154A-72FA-4D20-8D4A-062BB266955C}.Release|Any CPU.Build.0 = Release|Any CPU
		{63BB154A-72FA-4D20-8D4A-062BB266955C}.Release|x64.ActiveCfg = Release|Any CPU
		{63BB154A-72FA-4D20-8D4A-062BB266955C}.Release|x64.Build.0 = Release|Any CPU
		{63BB154A-72FA-4D20-8D4A-062BB266955C}.Release|x86.ActiveCfg = Release|Any CPU
		{63BB154A-72FA-4D20-8D4A-062BB266955C}.Release|x86.Build.0 = Release|Any CPU
		{28279BB5-8F81-41B7-9057-A605677F678B}.Debug|Any CPU.ActiveCfg = Debug|Any CPU
		{28279BB5-8F81-41B7-9057-A605677F678B}.Debug|Any CPU.Build.0 = Debug|Any CPU
		{28279BB5-8F81-41B7-9057-A605677F678B}.Debug|x64.ActiveCfg = Debug|Any CPU
		{28279BB5-8F81-41B7-9057-A605677F678B}.Debug|x64.Build.0 = Debug|Any CPU
		{28279BB5-8F81-41B7-9057-A605677F678B}.Debug|x86.ActiveCfg = Debug|Any CPU
		{28279BB5-8F81-41B7-9057-A605677F678B}.Debug|x86.Build.0 = Debug|Any CPU
		{28279BB5-8F81-41B7-9057-A605677F678B}.Release|Any CPU.ActiveCfg = Release|Any CPU
		{28279BB5-8F81-41B7-9057-A605677F678B}.Release|Any CPU.Build.0 = Release|Any CPU
		{28279BB5-8F81-41B7-9057-A605677F678B}.Release|x64.ActiveCfg = Release|Any CPU
		{28279BB5-8F81-41B7-9057-A605677F678B}.Release|x64.Build.0 = Release|Any CPU
		{28279BB5-8F81-41B7-9057-A605677F678B}.Release|x86.ActiveCfg = Release|Any CPU
		{28279BB5-8F81-41B7-9057-A605677F678B}.Release|x86.Build.0 = Release|Any CPU
		{D9B0AFAE-2881-495C-B6EA-6D1D4603136E}.Debug|Any CPU.ActiveCfg = Debug|Any CPU
		{D9B0AFAE-2881-495C-B6EA-6D1D4603136E}.Debug|Any CPU.Build.0 = Debug|Any CPU
		{D9B0AFAE-2881-495C-B6EA-6D1D4603136E}.Debug|x64.ActiveCfg = Debug|Any CPU
		{D9B0AFAE-2881-495C-B6EA-6D1D4603136E}.Debug|x64.Build.0 = Debug|Any CPU
		{D9B0AFAE-2881-495C-B6EA-6D1D4603136E}.Debug|x86.ActiveCfg = Debug|Any CPU
		{D9B0AFAE-2881-495C-B6EA-6D1D4603136E}.Debug|x86.Build.0 = Debug|Any CPU
		{D9B0AFAE-2881-495C-B6EA-6D1D4603136E}.Release|Any CPU.ActiveCfg = Release|Any CPU
		{D9B0AFAE-2881-495C-B6EA-6D1D4603136E}.Release|Any CPU.Build.0 = Release|Any CPU
		{D9B0AFAE-2881-495C-B6EA-6D1D4603136E}.Release|x64.ActiveCfg = Release|Any CPU
		{D9B0AFAE-2881-495C-B6EA-6D1D4603136E}.Release|x64.Build.0 = Release|Any CPU
		{D9B0AFAE-2881-495C-B6EA-6D1D4603136E}.Release|x86.ActiveCfg = Release|Any CPU
		{D9B0AFAE-2881-495C-B6EA-6D1D4603136E}.Release|x86.Build.0 = Release|Any CPU
		{B00E6F8B-590C-499F-9CBE-FFDBFFDEA8FA}.Debug|Any CPU.ActiveCfg = Debug|Any CPU
		{B00E6F8B-590C-499F-9CBE-FFDBFFDEA8FA}.Debug|Any CPU.Build.0 = Debug|Any CPU
		{B00E6F8B-590C-499F-9CBE-FFDBFFDEA8FA}.Debug|x64.ActiveCfg = Debug|Any CPU
		{B00E6F8B-590C-499F-9CBE-FFDBFFDEA8FA}.Debug|x64.Build.0 = Debug|Any CPU
		{B00E6F8B-590C-499F-9CBE-FFDBFFDEA8FA}.Debug|x86.ActiveCfg = Debug|Any CPU
		{B00E6F8B-590C-499F-9CBE-FFDBFFDEA8FA}.Debug|x86.Build.0 = Debug|Any CPU
		{B00E6F8B-590C-499F-9CBE-FFDBFFDEA8FA}.Release|Any CPU.ActiveCfg = Release|Any CPU
		{B00E6F8B-590C-499F-9CBE-FFDBFFDEA8FA}.Release|Any CPU.Build.0 = Release|Any CPU
		{B00E6F8B-590C-499F-9CBE-FFDBFFDEA8FA}.Release|x64.ActiveCfg = Release|Any CPU
		{B00E6F8B-590C-499F-9CBE-FFDBFFDEA8FA}.Release|x64.Build.0 = Release|Any CPU
		{B00E6F8B-590C-499F-9CBE-FFDBFFDEA8FA}.Release|x86.ActiveCfg = Release|Any CPU
		{B00E6F8B-590C-499F-9CBE-FFDBFFDEA8FA}.Release|x86.Build.0 = Release|Any CPU
		{56EBEA13-828D-4DB0-9C14-FA7693E96FB4}.Debug|Any CPU.ActiveCfg = Debug|Any CPU
		{56EBEA13-828D-4DB0-9C14-FA7693E96FB4}.Debug|Any CPU.Build.0 = Debug|Any CPU
		{56EBEA13-828D-4DB0-9C14-FA7693E96FB4}.Debug|x64.ActiveCfg = Debug|Any CPU
		{56EBEA13-828D-4DB0-9C14-FA7693E96FB4}.Debug|x64.Build.0 = Debug|Any CPU
		{56EBEA13-828D-4DB0-9C14-FA7693E96FB4}.Debug|x86.ActiveCfg = Debug|Any CPU
		{56EBEA13-828D-4DB0-9C14-FA7693E96FB4}.Debug|x86.Build.0 = Debug|Any CPU
		{56EBEA13-828D-4DB0-9C14-FA7693E96FB4}.Release|Any CPU.ActiveCfg = Release|Any CPU
		{56EBEA13-828D-4DB0-9C14-FA7693E96FB4}.Release|Any CPU.Build.0 = Release|Any CPU
		{56EBEA13-828D-4DB0-9C14-FA7693E96FB4}.Release|x64.ActiveCfg = Release|Any CPU
		{56EBEA13-828D-4DB0-9C14-FA7693E96FB4}.Release|x64.Build.0 = Release|Any CPU
		{56EBEA13-828D-4DB0-9C14-FA7693E96FB4}.Release|x86.ActiveCfg = Release|Any CPU
		{56EBEA13-828D-4DB0-9C14-FA7693E96FB4}.Release|x86.Build.0 = Release|Any CPU
	EndGlobalSection
	GlobalSection(SolutionProperties) = preSolution
		HideSolutionNode = FALSE
	EndGlobalSection
	GlobalSection(NestedProjects) = preSolution
		{33BEDF0F-01D3-48DE-8CF1-0426589EB12B} = {CDB930BB-86CD-44D7-B0CD-79F2912A81E1}
		{90E14651-07BA-41FB-BE14-83B4DB9E6C87} = {CDB930BB-86CD-44D7-B0CD-79F2912A81E1}
		{6AC47136-C710-4D2B-A2FA-0EF18189BDB9} = {CDB930BB-86CD-44D7-B0CD-79F2912A81E1}
		{AE6C7296-15D9-4897-BBF3-A7332280E7C7} = {CDB930BB-86CD-44D7-B0CD-79F2912A81E1}
		{90740B2B-804F-4C50-B40F-B0D4923B72A1} = {CDB930BB-86CD-44D7-B0CD-79F2912A81E1}
		{BAA10899-4688-4F04-AA80-27BA503A6B79} = {CDB930BB-86CD-44D7-B0CD-79F2912A81E1}
		{E71DC140-C0C0-46D4-B178-962A47E4CC48} = {CDB930BB-86CD-44D7-B0CD-79F2912A81E1}
		{1B240555-2E23-4362-BA9A-8A1641A0AA65} = {CDB930BB-86CD-44D7-B0CD-79F2912A81E1}
		{3953B2A2-F60F-4804-BFAB-B1405F36FD49} = {CDB930BB-86CD-44D7-B0CD-79F2912A81E1}
		{21D4C963-84B3-4D44-BF10-768926D7F799} = {CDB930BB-86CD-44D7-B0CD-79F2912A81E1}
		{35FA3747-70B0-45C6-B6F5-0EEF57513018} = {CDB930BB-86CD-44D7-B0CD-79F2912A81E1}
		{785D2B64-70D6-48BF-B64F-F728F881B3AA} = {CDB930BB-86CD-44D7-B0CD-79F2912A81E1}
		{13727777-05A8-4938-A253-CC149651C290} = {CDB930BB-86CD-44D7-B0CD-79F2912A81E1}
		{027C645D-0DBC-43DA-9A6F-717F9402CE52} = {CDB930BB-86CD-44D7-B0CD-79F2912A81E1}
		{EA24AE97-56C7-49D4-8BF1-61FBDA108E04} = {CDB930BB-86CD-44D7-B0CD-79F2912A81E1}
		{ADB80529-BB26-46DF-8D2B-FAECFE1FAC18} = {CDB930BB-86CD-44D7-B0CD-79F2912A81E1}
		{4057EA57-0F00-43E2-86B5-D035DC661768} = {CDB930BB-86CD-44D7-B0CD-79F2912A81E1}
		{B076A858-3A61-400E-A230-F99B733994DF} = {CDB930BB-86CD-44D7-B0CD-79F2912A81E1}
		{4714410F-F0EB-454A-9D16-04A0AD2F1CF9} = {CDB930BB-86CD-44D7-B0CD-79F2912A81E1}
		{63BB154A-72FA-4D20-8D4A-062BB266955C} = {CDB930BB-86CD-44D7-B0CD-79F2912A81E1}
		{28279BB5-8F81-41B7-9057-A605677F678B} = {CDB930BB-86CD-44D7-B0CD-79F2912A81E1}
		{D9B0AFAE-2881-495C-B6EA-6D1D4603136E} = {CDB930BB-86CD-44D7-B0CD-79F2912A81E1}
		{B00E6F8B-590C-499F-9CBE-FFDBFFDEA8FA} = {CDB930BB-86CD-44D7-B0CD-79F2912A81E1}
	EndGlobalSection
	GlobalSection(ExtensibilityGlobals) = postSolution
		SolutionGuid = {22C11009-4962-4D2D-9BA4-ED1A83F74E2E}
	EndGlobalSection
EndGlobal
