
Microsoft Visual Studio Solution File, Format Version 12.00
# Visual Studio Version 16
VisualStudioVersion = 16.6.30114.105
MinimumVisualStudioVersion = 10.0.40219.1
Project("{FAE04EC0-301F-11D3-BF4B-00C04F79EFBC}") = "R5T.T0027.Construction", "R5T.T0027.Construction\R5T.T0027.Construction.csproj", "{659C050D-BE61-4F8D-98C9-A3948B97EECD}"
EndProject
Project("{FAE04EC0-301F-11D3-BF4B-00C04F79EFBC}") = "R5T.T0027", "R5T.T0027\R5T.T0027.csproj", "{ACC80AF1-87A4-4FE5-9882-7714A528ACB2}"
EndProject
Global
	GlobalSection(SolutionConfigurationPlatforms) = preSolution
		Debug|Any CPU = Debug|Any CPU
		Debug|x64 = Debug|x64
		Debug|x86 = Debug|x86
		Release|Any CPU = Release|Any CPU
		Release|x64 = Release|x64
		Release|x86 = Release|x86
	EndGlobalSection
	GlobalSection(SolutionProperties) = preSolution
		HideSolutionNode = FALSE
	EndGlobalSection
	GlobalSection(ProjectConfigurationPlatforms) = postSolution
		{659C050D-BE61-4F8D-98C9-A3948B97EECD}.Debug|Any CPU.ActiveCfg = Debug|Any CPU
		{659C050D-BE61-4F8D-98C9-A3948B97EECD}.Debug|Any CPU.Build.0 = Debug|Any CPU
		{659C050D-BE61-4F8D-98C9-A3948B97EECD}.Debug|x64.ActiveCfg = Debug|Any CPU
		{659C050D-BE61-4F8D-98C9-A3948B97EECD}.Debug|x64.Build.0 = Debug|Any CPU
		{659C050D-BE61-4F8D-98C9-A3948B97EECD}.Debug|x86.ActiveCfg = Debug|Any CPU
		{659C050D-BE61-4F8D-98C9-A3948B97EECD}.Debug|x86.Build.0 = Debug|Any CPU
		{659C050D-BE61-4F8D-98C9-A3948B97EECD}.Release|Any CPU.ActiveCfg = Release|Any CPU
		{659C050D-BE61-4F8D-98C9-A3948B97EECD}.Release|Any CPU.Build.0 = Release|Any CPU
		{659C050D-BE61-4F8D-98C9-A3948B97EECD}.Release|x64.ActiveCfg = Release|Any CPU
		{659C050D-BE61-4F8D-98C9-A3948B97EECD}.Release|x64.Build.0 = Release|Any CPU
		{659C050D-BE61-4F8D-98C9-A3948B97EECD}.Release|x86.ActiveCfg = Release|Any CPU
		{659C050D-BE61-4F8D-98C9-A3948B97EECD}.Release|x86.Build.0 = Release|Any CPU
		{ACC80AF1-87A4-4FE5-9882-7714A528ACB2}.Debug|Any CPU.ActiveCfg = Debug|Any CPU
		{ACC80AF1-87A4-4FE5-9882-7714A528ACB2}.Debug|Any CPU.Build.0 = Debug|Any CPU
		{ACC80AF1-87A4-4FE5-9882-7714A528ACB2}.Debug|x64.ActiveCfg = Debug|Any CPU
		{ACC80AF1-87A4-4FE5-9882-7714A528ACB2}.Debug|x64.Build.0 = Debug|Any CPU
		{ACC80AF1-87A4-4FE5-9882-7714A528ACB2}.Debug|x86.ActiveCfg = Debug|Any CPU
		{ACC80AF1-87A4-4FE5-9882-7714A528ACB2}.Debug|x86.Build.0 = Debug|Any CPU
		{ACC80AF1-87A4-4FE5-9882-7714A528ACB2}.Release|Any CPU.ActiveCfg = Release|Any CPU
		{ACC80AF1-87A4-4FE5-9882-7714A528ACB2}.Release|Any CPU.Build.0 = Release|Any CPU
		{ACC80AF1-87A4-4FE5-9882-7714A528ACB2}.Release|x64.ActiveCfg = Release|Any CPU
		{ACC80AF1-87A4-4FE5-9882-7714A528ACB2}.Release|x64.Build.0 = Release|Any CPU
		{ACC80AF1-87A4-4FE5-9882-7714A528ACB2}.Release|x86.ActiveCfg = Release|Any CPU
		{ACC80AF1-87A4-4FE5-9882-7714A528ACB2}.Release|x86.Build.0 = Release|Any CPU
	EndGlobalSection
EndGlobal
